// !$*UTF8*$!
{
	archiveVersion = 1;
	classes = {
	};
	objectVersion = 50;
	objects = {

/* Begin PBXBuildFile section */
		681C5D30261C5BD800506E85 /* AppDelegate.swift in Sources */ = {isa = PBXBuildFile; fileRef = 681C5D2F261C5BD800506E85 /* AppDelegate.swift */; };
		681C5D32261C5BD800506E85 /* SceneDelegate.swift in Sources */ = {isa = PBXBuildFile; fileRef = 681C5D31261C5BD800506E85 /* SceneDelegate.swift */; };
		681C5D37261C5BD800506E85 /* Main.storyboard in Resources */ = {isa = PBXBuildFile; fileRef = 681C5D35261C5BD800506E85 /* Main.storyboard */; };
		681C5D39261C5BD900506E85 /* Assets.xcassets in Resources */ = {isa = PBXBuildFile; fileRef = 681C5D38261C5BD900506E85 /* Assets.xcassets */; };
		681C5D3C261C5BD900506E85 /* LaunchScreen.storyboard in Resources */ = {isa = PBXBuildFile; fileRef = 681C5D3A261C5BD900506E85 /* LaunchScreen.storyboard */; };
		681C5D45261C5C0200506E85 /* ItemViewController.swift in Sources */ = {isa = PBXBuildFile; fileRef = 681C5D44261C5C0200506E85 /* ItemViewController.swift */; };
		681C5D49261C5CEE00506E85 /* Item.swift in Sources */ = {isa = PBXBuildFile; fileRef = 681C5D48261C5CEE00506E85 /* Item.swift */; };
		681C5D4C261C5DE600506E85 /* ItemStore.swift in Sources */ = {isa = PBXBuildFile; fileRef = 681C5D4B261C5DE600506E85 /* ItemStore.swift */; };
		68765630262601EE00DA6C6B /* DetailViewController.swift in Sources */ = {isa = PBXBuildFile; fileRef = 6876562F262601EE00DA6C6B /* DetailViewController.swift */; };
		687656342626758700DA6C6B /* DateViewController.swift in Sources */ = {isa = PBXBuildFile; fileRef = 687656332626758600DA6C6B /* DateViewController.swift */; };
		68A4996E261E3D5D00B68B98 /* ItemCell.swift in Sources */ = {isa = PBXBuildFile; fileRef = 68A4996D261E3D5D00B68B98 /* ItemCell.swift */; };
		68AA99F7264AC027008449B2 /* ImageStore.swift in Sources */ = {isa = PBXBuildFile; fileRef = 68AA99F6264AC027008449B2 /* ImageStore.swift */; };
/* End PBXBuildFile section */

/* Begin PBXFileReference section */
		681C5D2C261C5BD800506E85 /* LootLogger.app */ = {isa = PBXFileReference; explicitFileType = wrapper.application; includeInIndex = 0; path = LootLogger.app; sourceTree = BUILT_PRODUCTS_DIR; };
		681C5D2F261C5BD800506E85 /* AppDelegate.swift */ = {isa = PBXFileReference; lastKnownFileType = sourcecode.swift; path = AppDelegate.swift; sourceTree = "<group>"; };
		681C5D31261C5BD800506E85 /* SceneDelegate.swift */ = {isa = PBXFileReference; lastKnownFileType = sourcecode.swift; path = SceneDelegate.swift; sourceTree = "<group>"; };
		681C5D36261C5BD800506E85 /* Base */ = {isa = PBXFileReference; lastKnownFileType = file.storyboard; name = Base; path = Base.lproj/Main.storyboard; sourceTree = "<group>"; };
		681C5D38261C5BD900506E85 /* Assets.xcassets */ = {isa = PBXFileReference; lastKnownFileType = folder.assetcatalog; path = Assets.xcassets; sourceTree = "<group>"; };
		681C5D3B261C5BD900506E85 /* Base */ = {isa = PBXFileReference; lastKnownFileType = file.storyboard; name = Base; path = Base.lproj/LaunchScreen.storyboard; sourceTree = "<group>"; };
		681C5D3D261C5BD900506E85 /* Info.plist */ = {isa = PBXFileReference; lastKnownFileType = text.plist.xml; path = Info.plist; sourceTree = "<group>"; };
		681C5D44261C5C0200506E85 /* ItemViewController.swift */ = {isa = PBXFileReference; lastKnownFileType = sourcecode.swift; path = ItemViewController.swift; sourceTree = "<group>"; };
		681C5D48261C5CEE00506E85 /* Item.swift */ = {isa = PBXFileReference; lastKnownFileType = sourcecode.swift; path = Item.swift; sourceTree = "<group>"; };
		681C5D4B261C5DE600506E85 /* ItemStore.swift */ = {isa = PBXFileReference; lastKnownFileType = sourcecode.swift; path = ItemStore.swift; sourceTree = "<group>"; };
		6876562F262601EE00DA6C6B /* DetailViewController.swift */ = {isa = PBXFileReference; lastKnownFileType = sourcecode.swift; path = DetailViewController.swift; sourceTree = "<group>"; };
		687656332626758600DA6C6B /* DateViewController.swift */ = {isa = PBXFileReference; lastKnownFileType = sourcecode.swift; path = DateViewController.swift; sourceTree = "<group>"; };
		68A4996D261E3D5D00B68B98 /* ItemCell.swift */ = {isa = PBXFileReference; lastKnownFileType = sourcecode.swift; path = ItemCell.swift; sourceTree = "<group>"; };
		68AA99F6264AC027008449B2 /* ImageStore.swift */ = {isa = PBXFileReference; lastKnownFileType = sourcecode.swift; path = ImageStore.swift; sourceTree = "<group>"; };
/* End PBXFileReference section */

/* Begin PBXFrameworksBuildPhase section */
		681C5D29261C5BD800506E85 /* Frameworks */ = {
			isa = PBXFrameworksBuildPhase;
			buildActionMask = 2147483647;
			files = (
			);
			runOnlyForDeploymentPostprocessing = 0;
		};
/* End PBXFrameworksBuildPhase section */

/* Begin PBXGroup section */
		681C5D23261C5BD800506E85 = {
			isa = PBXGroup;
			children = (
				681C5D2E261C5BD800506E85 /* LootLogger */,
				681C5D2D261C5BD800506E85 /* Products */,
			);
			sourceTree = "<group>";
		};
		681C5D2D261C5BD800506E85 /* Products */ = {
			isa = PBXGroup;
			children = (
				681C5D2C261C5BD800506E85 /* LootLogger.app */,
			);
			name = Products;
			sourceTree = "<group>";
		};
		681C5D2E261C5BD800506E85 /* LootLogger */ = {
			isa = PBXGroup;
			children = (
				681C5D2F261C5BD800506E85 /* AppDelegate.swift */,
				681C5D31261C5BD800506E85 /* SceneDelegate.swift */,
				68AA99F6264AC027008449B2 /* ImageStore.swift */,
				681C5D35261C5BD800506E85 /* Main.storyboard */,
				687656332626758600DA6C6B /* DateViewController.swift */,
				6876562F262601EE00DA6C6B /* DetailViewController.swift */,
				681C5D4B261C5DE600506E85 /* ItemStore.swift */,
				681C5D48261C5CEE00506E85 /* Item.swift */,
				681C5D44261C5C0200506E85 /* ItemViewController.swift */,
				68A4996D261E3D5D00B68B98 /* ItemCell.swift */,
				681C5D38261C5BD900506E85 /* Assets.xcassets */,
				681C5D3A261C5BD900506E85 /* LaunchScreen.storyboard */,
				681C5D3D261C5BD900506E85 /* Info.plist */,
			);
			path = LootLogger;
			sourceTree = "<group>";
		};
/* End PBXGroup section */

/* Begin PBXNativeTarget section */
		681C5D2B261C5BD800506E85 /* LootLogger */ = {
			isa = PBXNativeTarget;
			buildConfigurationList = 681C5D40261C5BD900506E85 /* Build configuration list for PBXNativeTarget "LootLogger" */;
			buildPhases = (
				681C5D28261C5BD800506E85 /* Sources */,
				681C5D29261C5BD800506E85 /* Frameworks */,
				681C5D2A261C5BD800506E85 /* Resources */,
			);
			buildRules = (
			);
			dependencies = (
			);
			name = LootLogger;
			productName = LootLogger;
			productReference = 681C5D2C261C5BD800506E85 /* LootLogger.app */;
			productType = "com.apple.product-type.application";
		};
/* End PBXNativeTarget section */

/* Begin PBXProject section */
		681C5D24261C5BD800506E85 /* Project object */ = {
			isa = PBXProject;
			attributes = {
				LastSwiftUpdateCheck = 1240;
				LastUpgradeCheck = 1240;
				TargetAttributes = {
					681C5D2B261C5BD800506E85 = {
						CreatedOnToolsVersion = 12.4;
					};
				};
			};
			buildConfigurationList = 681C5D27261C5BD800506E85 /* Build configuration list for PBXProject "LootLogger" */;
			compatibilityVersion = "Xcode 9.3";
			developmentRegion = en;
			hasScannedForEncodings = 0;
			knownRegions = (
				en,
				Base,
			);
			mainGroup = 681C5D23261C5BD800506E85;
			productRefGroup = 681C5D2D261C5BD800506E85 /* Products */;
			projectDirPath = "";
			projectRoot = "";
			targets = (
				681C5D2B261C5BD800506E85 /* LootLogger */,
			);
		};
/* End PBXProject section */

/* Begin PBXResourcesBuildPhase section */
		681C5D2A261C5BD800506E85 /* Resources */ = {
			isa = PBXResourcesBuildPhase;
			buildActionMask = 2147483647;
			files = (
				681C5D3C261C5BD900506E85 /* LaunchScreen.storyboard in Resources */,
				681C5D39261C5BD900506E85 /* Assets.xcassets in Resources */,
				681C5D37261C5BD800506E85 /* Main.storyboard in Resources */,
			);
			runOnlyForDeploymentPostprocessing = 0;
		};
/* End PBXResourcesBuildPhase section */

/* Begin PBXSourcesBuildPhase section */
		681C5D28261C5BD800506E85 /* Sources */ = {
			isa = PBXSourcesBuildPhase;
			buildActionMask = 2147483647;
			files = (
				687656342626758700DA6C6B /* DateViewController.swift in Sources */,
				681C5D49261C5CEE00506E85 /* Item.swift in Sources */,
				681C5D45261C5C0200506E85 /* ItemViewController.swift in Sources */,
				68A4996E261E3D5D00B68B98 /* ItemCell.swift in Sources */,
				681C5D30261C5BD800506E85 /* AppDelegate.swift in Sources */,
				68AA99F7264AC027008449B2 /* ImageStore.swift in Sources */,
				681C5D4C261C5DE600506E85 /* ItemStore.swift in Sources */,
				681C5D32261C5BD800506E85 /* SceneDelegate.swift in Sources */,
				68765630262601EE00DA6C6B /* DetailViewController.swift in Sources */,
			);
			runOnlyForDeploymentPostprocessing = 0;
		};
/* End PBXSourcesBuildPhase section */

/* Begin PBXVariantGroup section */
		681C5D35261C5BD800506E85 /* Main.storyboard */ = {
			isa = PBXVariantGroup;
			children = (
				681C5D36261C5BD800506E85 /* Base */,
			);
			name = Main.storyboard;
			sourceTree = "<group>";
		};
		681C5D3A261C5BD900506E85 /* LaunchScreen.storyboard */ = {
			isa = PBXVariantGroup;
			children = (
				681C5D3B261C5BD900506E85 /* Base */,
			);
			name = LaunchScreen.storyboard;
			sourceTree = "<group>";
		};
/* End PBXVariantGroup section */

/* Begin XCBuildConfiguration section */
		681C5D3E261C5BD900506E85 /* Debug */ = {
			isa = XCBuildConfiguration;
			buildSettings = {
				ALWAYS_SEARCH_USER_PATHS = NO;
				CLANG_ANALYZER_NONNULL = YES;
				CLANG_ANALYZER_NUMBER_OBJECT_CONVERSION = YES_AGGRESSIVE;
				CLANG_CXX_LANGUAGE_STANDARD = "gnu++14";
				CLANG_CXX_LIBRARY = "libc++";
				CLANG_ENABLE_MODULES = YES;
				CLANG_ENABLE_OBJC_ARC = YES;
				CLANG_ENABLE_OBJC_WEAK = YES;
				CLANG_WARN_BLOCK_CAPTURE_AUTORELEASING = YES;
				CLANG_WARN_BOOL_CONVERSION = YES;
				CLANG_WARN_COMMA = YES;
				CLANG_WARN_CONSTANT_CONVERSION = YES;
				CLANG_WARN_DEPRECATED_OBJC_IMPLEMENTATIONS = YES;
				CLANG_WARN_DIRECT_OBJC_ISA_USAGE = YES_ERROR;
				CLANG_WARN_DOCUMENTATION_COMMENTS = YES;
				CLANG_WARN_EMPTY_BODY = YES;
				CLANG_WARN_ENUM_CONVERSION = YES;
				CLANG_WARN_INFINITE_RECURSION = YES;
				CLANG_WARN_INT_CONVERSION = YES;
				CLANG_WARN_NON_LITERAL_NULL_CONVERSION = YES;
				CLANG_WARN_OBJC_IMPLICIT_RETAIN_SELF = YES;
				CLANG_WARN_OBJC_LITERAL_CONVERSION = YES;
				CLANG_WARN_OBJC_ROOT_CLASS = YES_ERROR;
				CLANG_WARN_QUOTED_INCLUDE_IN_FRAMEWORK_HEADER = YES;
				CLANG_WARN_RANGE_LOOP_ANALYSIS = YES;
				CLANG_WARN_STRICT_PROTOTYPES = YES;
				CLANG_WARN_SUSPICIOUS_MOVE = YES;
				CLANG_WARN_UNGUARDED_AVAILABILITY = YES_AGGRESSIVE;
				CLANG_WARN_UNREACHABLE_CODE = YES;
				CLANG_WARN__DUPLICATE_METHOD_MATCH = YES;
				COPY_PHASE_STRIP = NO;
				DEBUG_INFORMATION_FORMAT = dwarf;
				ENABLE_STRICT_OBJC_MSGSEND = YES;
				ENABLE_TESTABILITY = YES;
				GCC_C_LANGUAGE_STANDARD = gnu11;
				GCC_DYNAMIC_NO_PIC = NO;
				GCC_NO_COMMON_BLOCKS = YES;
				GCC_OPTIMIZATION_LEVEL = 0;
				GCC_PREPROCESSOR_DEFINITIONS = (
					"DEBUG=1",
					"$(inherited)",
				);
				GCC_WARN_64_TO_32_BIT_CONVERSION = YES;
				GCC_WARN_ABOUT_RETURN_TYPE = YES_ERROR;
				GCC_WARN_UNDECLARED_SELECTOR = YES;
				GCC_WARN_UNINITIALIZED_AUTOS = YES_AGGRESSIVE;
				GCC_WARN_UNUSED_FUNCTION = YES;
				GCC_WARN_UNUSED_VARIABLE = YES;
				IPHONEOS_DEPLOYMENT_TARGET = 14.4;
				MTL_ENABLE_DEBUG_INFO = INCLUDE_SOURCE;
				MTL_FAST_MATH = YES;
				ONLY_ACTIVE_ARCH = YES;
				SDKROOT = iphoneos;
				SWIFT_ACTIVE_COMPILATION_CONDITIONS = DEBUG;
				SWIFT_OPTIMIZATION_LEVEL = "-Onone";
			};
			name = Debug;
		};
		681C5D3F261C5BD900506E85 /* Release */ = {
			isa = XCBuildConfiguration;
			buildSettings = {
				ALWAYS_SEARCH_USER_PATHS = NO;
				CLANG_ANALYZER_NONNULL = YES;
				CLANG_ANALYZER_NUMBER_OBJECT_CONVERSION = YES_AGGRESSIVE;
				CLANG_CXX_LANGUAGE_STANDARD = "gnu++14";
				CLANG_CXX_LIBRARY = "libc++";
				CLANG_ENABLE_MODULES = YES;
				CLANG_ENABLE_OBJC_ARC = YES;
				CLANG_ENABLE_OBJC_WEAK = YES;
				CLANG_WARN_BLOCK_CAPTURE_AUTORELEASING = YES;
				CLANG_WARN_BOOL_CONVERSION = YES;
				CLANG_WARN_COMMA = YES;
				CLANG_WARN_CONSTANT_CONVERSION = YES;
				CLANG_WARN_DEPRECATED_OBJC_IMPLEMENTATIONS = YES;
				CLANG_WARN_DIRECT_OBJC_ISA_USAGE = YES_ERROR;
				CLANG_WARN_DOCUMENTATION_COMMENTS = YES;
				CLANG_WARN_EMPTY_BODY = YES;
				CLANG_WARN_ENUM_CONVERSION = YES;
				CLANG_WARN_INFINITE_RECURSION = YES;
				CLANG_WARN_INT_CONVERSION = YES;
				CLANG_WARN_NON_LITERAL_NULL_CONVERSION = YES;
				CLANG_WARN_OBJC_IMPLICIT_RETAIN_SELF = YES;
				CLANG_WARN_OBJC_LITERAL_CONVERSION = YES;
				CLANG_WARN_OBJC_ROOT_CLASS = YES_ERROR;
				CLANG_WARN_QUOTED_INCLUDE_IN_FRAMEWORK_HEADER = YES;
				CLANG_WARN_RANGE_LOOP_ANALYSIS = YES;
				CLANG_WARN_STRICT_PROTOTYPES = YES;
				CLANG_WARN_SUSPICIOUS_MOVE = YES;
				CLANG_WARN_UNGUARDED_AVAILABILITY = YES_AGGRESSIVE;
				CLANG_WARN_UNREACHABLE_CODE = YES;
				CLANG_WARN__DUPLICATE_METHOD_MATCH = YES;
				COPY_PHASE_STRIP = NO;
				DEBUG_INFORMATION_FORMAT = "dwarf-with-dsym";
				ENABLE_NS_ASSERTIONS = NO;
				ENABLE_STRICT_OBJC_MSGSEND = YES;
				GCC_C_LANGUAGE_STANDARD = gnu11;
				GCC_NO_COMMON_BLOCKS = YES;
				GCC_WARN_64_TO_32_BIT_CONVERSION = YES;
				GCC_WARN_ABOUT_RETURN_TYPE = YES_ERROR;
				GCC_WARN_UNDECLARED_SELECTOR = YES;
				GCC_WARN_UNINITIALIZED_AUTOS = YES_AGGRESSIVE;
				GCC_WARN_UNUSED_FUNCTION = YES;
				GCC_WARN_UNUSED_VARIABLE = YES;
				IPHONEOS_DEPLOYMENT_TARGET = 14.4;
				MTL_ENABLE_DEBUG_INFO = NO;
				MTL_FAST_MATH = YES;
				SDKROOT = iphoneos;
				SWIFT_COMPILATION_MODE = wholemodule;
				SWIFT_OPTIMIZATION_LEVEL = "-O";
				VALIDATE_PRODUCT = YES;
			};
			name = Release;
		};
		681C5D41261C5BD900506E85 /* Debug */ = {
			isa = XCBuildConfiguration;
			buildSettings = {
				ASSETCATALOG_COMPILER_APPICON_NAME = AppIcon;
				ASSETCATALOG_COMPILER_GLOBAL_ACCENT_COLOR_NAME = AccentColor;
				CODE_SIGN_IDENTITY = "Apple Development";
				CODE_SIGN_STYLE = Automatic;
				DEVELOPMENT_TEAM = W6Z8LB7962;
				INFOPLIST_FILE = LootLogger/Info.plist;
				LD_RUNPATH_SEARCH_PATHS = (
					"$(inherited)",
					"@executable_path/Frameworks",
				);
				PRODUCT_BUNDLE_IDENTIFIER = infinno.LootLogger;
				PRODUCT_NAME = "$(TARGET_NAME)";
				PROVISIONING_PROFILE_SPECIFIER = "";
				SWIFT_VERSION = 5.0;
				TARGETED_DEVICE_FAMILY = "1,2";
			};
			name = Debug;
		};
		681C5D42261C5BD900506E85 /* Release */ = {
			isa = XCBuildConfiguration;
			buildSettings = {
				ASSETCATALOG_COMPILER_APPICON_NAME = AppIcon;
				ASSETCATALOG_COMPILER_GLOBAL_ACCENT_COLOR_NAME = AccentColor;
				CODE_SIGN_IDENTITY = "Apple Development";
				CODE_SIGN_STYLE = Automatic;
				DEVELOPMENT_TEAM = W6Z8LB7962;
				INFOPLIST_FILE = LootLogger/Info.plist;
				LD_RUNPATH_SEARCH_PATHS = (
					"$(inherited)",
					"@executable_path/Frameworks",
				);
				PRODUCT_BUNDLE_IDENTIFIER = infinno.LootLogger;
				PRODUCT_NAME = "$(TARGET_NAME)";
				PROVISIONING_PROFILE_SPECIFIER = "";
				SWIFT_VERSION = 5.0;
				TARGETED_DEVICE_FAMILY = "1,2";
			};
			name = Release;
		};
/* End XCBuildConfiguration section */

/* Begin XCConfigurationList section */
		681C5D27261C5BD800506E85 /* Build configuration list for PBXProject "LootLogger" */ = {
			isa = XCConfigurationList;
			buildConfigurations = (
				681C5D3E261C5BD900506E85 /* Debug */,
				681C5D3F261C5BD900506E85 /* Release */,
			);
			defaultConfigurationIsVisible = 0;
			defaultConfigurationName = Release;
		};
		681C5D40261C5BD900506E85 /* Build configuration list for PBXNativeTarget "LootLogger" */ = {
			isa = XCConfigurationList;
			buildConfigurations = (
				681C5D41261C5BD900506E85 /* Debug */,
				681C5D42261C5BD900506E85 /* Release */,
			);
			defaultConfigurationIsVisible = 0;
			defaultConfigurationName = Release;
		};
/* End XCConfigurationList section */
	};
	rootObject = 681C5D24261C5BD800506E85 /* Project object */;
}
